
Microsoft Visual Studio Solution File, Format Version 12.00
# Visual Studio Version 17
VisualStudioVersion = 17.5.002.0
MinimumVisualStudioVersion = 10.0.40219.1
Project("{9A19103F-16F7-4668-BE54-9A1E7A4F7556}") = "Shapes", "Shapes.csproj", "{4E26FD0C-F238-4115-9C9D-9E01BD649DB0}"
EndProject
Global
	GlobalSection(SolutionConfigurationPlatforms) = preSolution
		Debug|Any CPU = Debug|Any CPU
		Release|Any CPU = Release|Any CPU
	EndGlobalSection
	GlobalSection(ProjectConfigurationPlatforms) = postSolution
		{4E26FD0C-F238-4115-9C9D-9E01BD649DB0}.Debug|Any CPU.ActiveCfg = Debug|Any CPU
		{4E26FD0C-F238-4115-9C9D-9E01BD649DB0}.Debug|Any CPU.Build.0 = Debug|Any CPU
		{4E26FD0C-F238-4115-9C9D-9E01BD649DB0}.Release|Any CPU.ActiveCfg = Release|Any CPU
		{4E26FD0C-F238-4115-9C9D-9E01BD649DB0}.Release|Any CPU.Build.0 = Release|Any CPU
	EndGlobalSection
	GlobalSection(SolutionProperties) = preSolution
		HideSolutionNode = FALSE
	EndGlobalSection
	GlobalSection(ExtensibilityGlobals) = postSolution
		SolutionGuid = {5B2470FC-7FC2-4A2C-B5E7-7F28DE44C41C}
	EndGlobalSection
EndGlobal
